
Microsoft Visual Studio Solution File, Format Version 12.00
# Visual Studio Version 17
VisualStudioVersion = 17.1.32328.378
MinimumVisualStudioVersion = 10.0.40219.1
Project("{FAE04EC0-301F-11D3-BF4B-00C04F79EFBC}") = "DartGame", "DartGame\DartGame.csproj", "{135F2E35-4671-4041-843E-9C0F3431F4F2}"
EndProject
Global
	GlobalSection(SolutionConfigurationPlatforms) = preSolution
		Debug|Any CPU = Debug|Any CPU
		Release|Any CPU = Release|Any CPU
	EndGlobalSection
	GlobalSection(ProjectConfigurationPlatforms) = postSolution
		{135F2E35-4671-4041-843E-9C0F3431F4F2}.Debug|Any CPU.ActiveCfg = Debug|Any CPU
		{135F2E35-4671-4041-843E-9C0F3431F4F2}.Debug|Any CPU.Build.0 = Debug|Any CPU
		{135F2E35-4671-4041-843E-9C0F3431F4F2}.Release|Any CPU.ActiveCfg = Release|Any CPU
		{135F2E35-4671-4041-843E-9C0F3431F4F2}.Release|Any CPU.Build.0 = Release|Any CPU
	EndGlobalSection
	GlobalSection(SolutionProperties) = preSolution
		HideSolutionNode = FALSE
	EndGlobalSection
	GlobalSection(ExtensibilityGlobals) = postSolution
		SolutionGuid = {64D9C3AA-2078-4BF2-87B2-87DDACBF57F9}
	EndGlobalSection
EndGlobal
